
Microsoft Visual Studio Solution File, Format Version 12.00
# Visual Studio Version 17
VisualStudioVersion = 17.7.34031.279
MinimumVisualStudioVersion = 10.0.40219.1
Project("{FAE04EC0-301F-11D3-BF4B-00C04F79EFBC}") = "SerBus-QueueSenderApp", "SerBus-QueueSenderApp\SerBus-QueueSenderApp.csproj", "{36B3DF39-7E97-4CA1-9F9B-C83B35D212BF}"
EndProject
Project("{FAE04EC0-301F-11D3-BF4B-00C04F79EFBC}") = "SerBus-QueueReceiverApp", "SerBus-QueueReceiverApp\SerBus-QueueReceiverApp.csproj", "{7C66269A-3C94-42F5-BDE2-DBB7BB2D3D3C}"
EndProject
Global
	GlobalSection(SolutionConfigurationPlatforms) = preSolution
		Debug|Any CPU = Debug|Any CPU
		Release|Any CPU = Release|Any CPU
	EndGlobalSection
	GlobalSection(ProjectConfigurationPlatforms) = postSolution
		{36B3DF39-7E97-4CA1-9F9B-C83B35D212BF}.Debug|Any CPU.ActiveCfg = Debug|Any CPU
		{36B3DF39-7E97-4CA1-9F9B-C83B35D212BF}.Debug|Any CPU.Build.0 = Debug|Any CPU
		{36B3DF39-7E97-4CA1-9F9B-C83B35D212BF}.Release|Any CPU.ActiveCfg = Release|Any CPU
		{36B3DF39-7E97-4CA1-9F9B-C83B35D212BF}.Release|Any CPU.Build.0 = Release|Any CPU
		{7C66269A-3C94-42F5-BDE2-DBB7BB2D3D3C}.Debug|Any CPU.ActiveCfg = Debug|Any CPU
		{7C66269A-3C94-42F5-BDE2-DBB7BB2D3D3C}.Debug|Any CPU.Build.0 = Debug|Any CPU
		{7C66269A-3C94-42F5-BDE2-DBB7BB2D3D3C}.Release|Any CPU.ActiveCfg = Release|Any CPU
		{7C66269A-3C94-42F5-BDE2-DBB7BB2D3D3C}.Release|Any CPU.Build.0 = Release|Any CPU
	EndGlobalSection
	GlobalSection(SolutionProperties) = preSolution
		HideSolutionNode = FALSE
	EndGlobalSection
	GlobalSection(ExtensibilityGlobals) = postSolution
		SolutionGuid = {F5AA3A33-D19A-4898-BB85-9712492465E3}
	EndGlobalSection
EndGlobal
