
Microsoft Visual Studio Solution File, Format Version 12.00
# Visual Studio Version 17
VisualStudioVersion = 17.7.34031.279
MinimumVisualStudioVersion = 10.0.40219.1
Project("{FAE04EC0-301F-11D3-BF4B-00C04F79EFBC}") = "demo-read-queue", "demo-read-queue\demo-read-queue.csproj", "{74F1E936-B09B-4DC0-A627-A3ED685A0745}"
EndProject
Global
	GlobalSection(SolutionConfigurationPlatforms) = preSolution
		Debug|Any CPU = Debug|Any CPU
		Release|Any CPU = Release|Any CPU
	EndGlobalSection
	GlobalSection(ProjectConfigurationPlatforms) = postSolution
		{74F1E936-B09B-4DC0-A627-A3ED685A0745}.Debug|Any CPU.ActiveCfg = Debug|Any CPU
		{74F1E936-B09B-4DC0-A627-A3ED685A0745}.Debug|Any CPU.Build.0 = Debug|Any CPU
		{74F1E936-B09B-4DC0-A627-A3ED685A0745}.Release|Any CPU.ActiveCfg = Release|Any CPU
		{74F1E936-B09B-4DC0-A627-A3ED685A0745}.Release|Any CPU.Build.0 = Release|Any CPU
	EndGlobalSection
	GlobalSection(SolutionProperties) = preSolution
		HideSolutionNode = FALSE
	EndGlobalSection
	GlobalSection(ExtensibilityGlobals) = postSolution
		SolutionGuid = {FCF076FB-43CB-4825-B637-AFB3D3C9892B}
	EndGlobalSection
EndGlobal
